{
  "name": "exercise",
  "version": "1.0.0",
  "lockfileVersion": 3,
  "requires": true,
  "packages": {
    "": {
      "name": "exercise",
      "version": "1.0.0",
      "license": "ISC",
      "dependencies": {
        "vite": "^7.0.4"
      }
    },
    "node_modules/@esbuild/aix-ppc64": {
      "version": "0.25.6",
      "resolved": "http://r.npm.sankuai.com/@esbuild/aix-ppc64/download/@esbuild/aix-ppc64-0.25.6.tgz",
      "integrity": "sha1-FksZEi4u1U+FRp353qmN2wHV554=",
      "cpu": [
        "ppc64"
      ],
      "license": "MIT",
      "optional": true,
      "os": [
        "aix"
      ],
      "engines": {
        "node": ">=18"
      }
    },
    "node_modules/@esbuild/android-arm": {
      "version": "0.25.6",
      "resolved": "http://r.npm.sankuai.com/@esbuild/android-arm/download/@esbuild/android-arm-0.25.6.tgz",
      "integrity": "sha1-TOsPQBE+mGEWm+g+KmcMJg3SNP8=",
      "cpu": [
        "arm"
      ],
      "license": "MIT",
      "optional": true,
      "os": [
        "android"
      ],
      "engines": {
        "node": ">=18"
      }
    },
    "node_modules/@esbuild/android-arm64": {
      "version": "0.25.6",
      "resolved": "http://r.npm.sankuai.com/@esbuild/android-arm64/download/@esbuild/android-arm64-0.25.6.tgz",
      "integrity": "sha1-j1Oefe+Ej3ZPZDJZjlHMOCD946U=",
      "cpu": [
        "arm64"
      ],
      "license": "MIT",
      "optional": true,
      "os": [
        "android"
      ],
      "engines": {
        "node": ">=18"
      }
    },
    "node_modules/@esbuild/android-x64": {
      "version": "0.25.6",
      "resolved": "http://r.npm.sankuai.com/@esbuild/android-x64/download/@esbuild/android-x64-0.25.6.tgz",
      "integrity": "sha1-rU8oAFdiLCX+mFwImZRDoZXcY6g=",
      "cpu": [
        "x64"
      ],
      "license": "MIT",
      "optional": true,
      "os": [
        "android"
      ],
      "engines": {
        "node": ">=18"
      }
    },
    "node_modules/@esbuild/darwin-arm64": {
      "version": "0.25.6",
      "resolved": "http://r.npm.sankuai.com/@esbuild/darwin-arm64/download/@esbuild/darwin-arm64-0.25.6.tgz",
      "integrity": "sha1-0fBAJzlrPWr8lrrNDRMWff2fAfc=",
      "cpu": [
        "arm64"
      ],
      "license": "MIT",
      "optional": true,
      "os": [
        "darwin"
      ],
      "engines": {
        "node": ">=18"
      }
    },
    "node_modules/@esbuild/darwin-x64": {
      "version": "0.25.6",
      "resolved": "http://r.npm.sankuai.com/@esbuild/darwin-x64/download/@esbuild/darwin-x64-0.25.6.tgz",
      "integrity": "sha1-K0ps7beZ9jV1jXgy11sjdyyO9o8=",
      "cpu": [
        "x64"
      ],
      "license": "MIT",
      "optional": true,
      "os": [
        "darwin"
      ],
      "engines": {
        "node": ">=18"
      }
    },
    "node_modules/@esbuild/freebsd-arm64": {
      "version": "0.25.6",
      "resolved": "http://r.npm.sankuai.com/@esbuild/freebsd-arm64/download/@esbuild/freebsd-arm64-0.25.6.tgz",
      "integrity": "sha1-omJmzJfdeNw8Pz1niLG4NpexBV0=",
      "cpu": [
        "arm64"
      ],
      "license": "MIT",
      "optional": true,
      "os": [
        "freebsd"
      ],
      "engines": {
        "node": ">=18"
      }
    },
    "node_modules/@esbuild/freebsd-x64": {
      "version": "0.25.6",
      "resolved": "http://r.npm.sankuai.com/@esbuild/freebsd-x64/download/@esbuild/freebsd-x64-0.25.6.tgz",
      "integrity": "sha1-n+uOgmc1xWjr/ZSFmyKj+7apvdI=",
      "cpu": [
        "x64"
      ],
      "license": "MIT",
      "optional": true,
      "os": [
        "freebsd"
      ],
      "engines": {
        "node": ">=18"
      }
    },
    "node_modules/@esbuild/linux-arm": {
      "version": "0.25.6",
      "resolved": "http://r.npm.sankuai.com/@esbuild/linux-arm/download/@esbuild/linux-arm-0.25.6.tgz",
      "integrity": "sha1-1uLNjvMZZGgGXUHxP6KmGqpyZEo=",
      "cpu": [
        "arm"
      ],
      "license": "MIT",
      "optional": true,
      "os": [
        "linux"
      ],
      "engines": {
        "node": ">=18"
      }
    },
    "node_modules/@esbuild/linux-arm64": {
      "version": "0.25.6",
      "resolved": "http://r.npm.sankuai.com/@esbuild/linux-arm64/download/@esbuild/linux-arm64-0.25.6.tgz",
      "integrity": "sha1-wHy+2OJJ9MKOfzJ4HTb8RpUpPSg=",
      "cpu": [
        "arm64"
      ],
      "license": "MIT",
      "optional": true,
      "os": [
        "linux"
      ],
      "engines": {
        "node": ">=18"
      }
    },
    "node_modules/@esbuild/linux-ia32": {
      "version": "0.25.6",
      "resolved": "http://r.npm.sankuai.com/@esbuild/linux-ia32/download/@esbuild/linux-ia32-0.25.6.tgz",
      "integrity": "sha1-Pmgr1HxO3cxLjxOT38giJILxeZc=",
      "cpu": [
        "ia32"
      ],
      "license": "MIT",
      "optional": true,
      "os": [
        "linux"
      ],
      "engines": {
        "node": ">=18"
      }
    },
    "node_modules/@esbuild/linux-loong64": {
      "version": "0.25.6",
      "resolved": "http://r.npm.sankuai.com/@esbuild/linux-loong64/download/@esbuild/linux-loong64-0.25.6.tgz",
      "integrity": "sha1-Rz9eouUjmcCK1M1rEubbzd1jDwU=",
      "cpu": [
        "loong64"
      ],
      "license": "MIT",
      "optional": true,
      "os": [
        "linux"
      ],
      "engines": {
        "node": ">=18"
      }
    },
    "node_modules/@esbuild/linux-mips64el": {
      "version": "0.25.6",
      "resolved": "http://r.npm.sankuai.com/@esbuild/linux-mips64el/download/@esbuild/linux-mips64el-0.25.6.tgz",
      "integrity": "sha1-mWBjHJ/WFgWwk5wZBDrPTvK1Fxg=",
      "cpu": [
        "mips64el"
      ],
      "license": "MIT",
      "optional": true,
      "os": [
        "linux"
      ],
      "engines": {
        "node": ">=18"
      }
    },
    "node_modules/@esbuild/linux-ppc64": {
      "version": "0.25.6",
      "resolved": "http://r.npm.sankuai.com/@esbuild/linux-ppc64/download/@esbuild/linux-ppc64-0.25.6.tgz",
      "integrity": "sha1-R3y/i7BKoDS5TzYsMshrXDHbjT4=",
      "cpu": [
        "ppc64"
      ],
      "license": "MIT",
      "optional": true,
      "os": [
        "linux"
      ],
      "engines": {
        "node": ">=18"
      }
    },
    "node_modules/@esbuild/linux-riscv64": {
      "version": "0.25.6",
      "resolved": "http://r.npm.sankuai.com/@esbuild/linux-riscv64/download/@esbuild/linux-riscv64-0.25.6.tgz",
      "integrity": "sha1-vNtGyPuOk6p3npoKYs1KwA3KxiY=",
      "cpu": [
        "riscv64"
      ],
      "license": "MIT",
      "optional": true,
      "os": [
        "linux"
      ],
      "engines": {
        "node": ">=18"
      }
    },
    "node_modules/@esbuild/linux-s390x": {
      "version": "0.25.6",
      "resolved": "http://r.npm.sankuai.com/@esbuild/linux-s390x/download/@esbuild/linux-s390x-0.25.6.tgz",
      "integrity": "sha1-9BLPX98K6oSf9Rxz/YF8bAI01G0=",
      "cpu": [
        "s390x"
      ],
      "license": "MIT",
      "optional": true,
      "os": [
        "linux"
      ],
      "engines": {
        "node": ">=18"
      }
    },
    "node_modules/@esbuild/linux-x64": {
      "version": "0.25.6",
      "resolved": "http://r.npm.sankuai.com/@esbuild/linux-x64/download/@esbuild/linux-x64-0.25.6.tgz",
      "integrity": "sha1-2CM8CbXrwMhVcS3F7rg1o6M0EQg=",
      "cpu": [
        "x64"
      ],
      "license": "MIT",
      "optional": true,
      "os": [
        "linux"
      ],
      "engines": {
        "node": ">=18"
      }
    },
    "node_modules/@esbuild/netbsd-arm64": {
      "version": "0.25.6",
      "resolved": "http://r.npm.sankuai.com/@esbuild/netbsd-arm64/download/@esbuild/netbsd-arm64-0.25.6.tgz",
      "integrity": "sha1-9Rro3RR0Fy5zz5y6+KONHHLdjxo=",
      "cpu": [
        "arm64"
      ],
      "license": "MIT",
      "optional": true,
      "os": [
        "netbsd"
      ],
      "engines": {
        "node": ">=18"
      }
    },
    "node_modules/@esbuild/netbsd-x64": {
      "version": "0.25.6",
      "resolved": "http://r.npm.sankuai.com/@esbuild/netbsd-x64/download/@esbuild/netbsd-x64-0.25.6.tgz",
      "integrity": "sha1-omdThgLA5QqFjPQdz+XYA2+NqOc=",
      "cpu": [
        "x64"
      ],
      "license": "MIT",
      "optional": true,
      "os": [
        "netbsd"
      ],
      "engines": {
        "node": ">=18"
      }
    },
    "node_modules/@esbuild/openbsd-arm64": {
      "version": "0.25.6",
      "resolved": "http://r.npm.sankuai.com/@esbuild/openbsd-arm64/download/@esbuild/openbsd-arm64-0.25.6.tgz",
      "integrity": "sha1-pRvmDEJbhcIWR5uMNErQURY18tI=",
      "cpu": [
        "arm64"
      ],
      "license": "MIT",
      "optional": true,
      "os": [
        "openbsd"
      ],
      "engines": {
        "node": ">=18"
      }
    },
    "node_modules/@esbuild/openbsd-x64": {
      "version": "0.25.6",
      "resolved": "http://r.npm.sankuai.com/@esbuild/openbsd-x64/download/@esbuild/openbsd-x64-0.25.6.tgz",
      "integrity": "sha1-fkp0PHP3VWLikiO6adC+bJyQCNo=",
      "cpu": [
        "x64"
      ],
      "license": "MIT",
      "optional": true,
      "os": [
        "openbsd"
      ],
      "engines": {
        "node": ">=18"
      }
    },
    "node_modules/@esbuild/openharmony-arm64": {
      "version": "0.25.6",
      "resolved": "http://r.npm.sankuai.com/@esbuild/openharmony-arm64/download/@esbuild/openharmony-arm64-0.25.6.tgz",
      "integrity": "sha1-IIelAo84eHkVTr9Eve36+hdoLls=",
      "cpu": [
        "arm64"
      ],
      "license": "MIT",
      "optional": true,
      "os": [
        "openharmony"
      ],
      "engines": {
        "node": ">=18"
      }
    },
    "node_modules/@esbuild/sunos-x64": {
      "version": "0.25.6",
      "resolved": "http://r.npm.sankuai.com/@esbuild/sunos-x64/download/@esbuild/sunos-x64-0.25.6.tgz",
      "integrity": "sha1-VlMfhhcj6g3GKDoruINzBCI8tzY=",
      "cpu": [
        "x64"
      ],
      "license": "MIT",
      "optional": true,
      "os": [
        "sunos"
      ],
      "engines": {
        "node": ">=18"
      }
    },
    "node_modules/@esbuild/win32-arm64": {
      "version": "0.25.6",
      "resolved": "http://r.npm.sankuai.com/@esbuild/win32-arm64/download/@esbuild/win32-arm64-0.25.6.tgz",
      "integrity": "sha1-9JifAz3qxvrjI6z/WHZPqLwBQ24=",
      "cpu": [
        "arm64"
      ],
      "license": "MIT",
      "optional": true,
      "os": [
        "win32"
      ],
      "engines": {
        "node": ">=18"
      }
    },
    "node_modules/@esbuild/win32-ia32": {
      "version": "0.25.6",
      "resolved": "http://r.npm.sankuai.com/@esbuild/win32-ia32/download/@esbuild/win32-ia32-0.25.6.tgz",
      "integrity": "sha1-smDp33Hjk56zOSUHbTn2POx9FSU=",
      "cpu": [
        "ia32"
      ],
      "license": "MIT",
      "optional": true,
      "os": [
        "win32"
      ],
      "engines": {
        "node": ">=18"
      }
    },
    "node_modules/@esbuild/win32-x64": {
      "version": "0.25.6",
      "resolved": "http://r.npm.sankuai.com/@esbuild/win32-x64/download/@esbuild/win32-x64-0.25.6.tgz",
      "integrity": "sha1-Qnbt1cEFvCixHGofdvudKdG9JcE=",
      "cpu": [
        "x64"
      ],
      "license": "MIT",
      "optional": true,
      "os": [
        "win32"
      ],
      "engines": {
        "node": ">=18"
      }
    },
    "node_modules/@rollup/rollup-android-arm-eabi": {
      "version": "4.45.0",
      "resolved": "http://r.npm.sankuai.com/@rollup/rollup-android-arm-eabi/download/@rollup/rollup-android-arm-eabi-4.45.0.tgz",
      "integrity": "sha1-BZIlL3VQvA6gR0u1oiQwhQ+Svb0=",
      "cpu": [
        "arm"
      ],
      "license": "MIT",
      "optional": true,
      "os": [
        "android"
      ]
    },
    "node_modules/@rollup/rollup-android-arm64": {
      "version": "4.45.0",
      "resolved": "http://r.npm.sankuai.com/@rollup/rollup-android-arm64/download/@rollup/rollup-android-arm64-4.45.0.tgz",
      "integrity": "sha1-AKUdHUOAzGd9qArJ2hoZ54Br9X4=",
      "cpu": [
        "arm64"
      ],
      "license": "MIT",
      "optional": true,
      "os": [
        "android"
      ]
    },
    "node_modules/@rollup/rollup-darwin-arm64": {
      "version": "4.45.0",
      "resolved": "http://r.npm.sankuai.com/@rollup/rollup-darwin-arm64/download/@rollup/rollup-darwin-arm64-4.45.0.tgz",
      "integrity": "sha1-ZjgpndKC694evffcWw8VCqbiVuU=",
      "cpu": [
        "arm64"
      ],
      "license": "MIT",
      "optional": true,
      "os": [
        "darwin"
      ]
    },
    "node_modules/@rollup/rollup-darwin-x64": {
      "version": "4.45.0",
      "resolved": "http://r.npm.sankuai.com/@rollup/rollup-darwin-x64/download/@rollup/rollup-darwin-x64-4.45.0.tgz",
      "integrity": "sha1-M+YdqgpmiQBZZI/tp44QddTqG8s=",
      "cpu": [
        "x64"
      ],
      "license": "MIT",
      "optional": true,
      "os": [
        "darwin"
      ]
    },
    "node_modules/@rollup/rollup-freebsd-arm64": {
      "version": "4.45.0",
      "resolved": "http://r.npm.sankuai.com/@rollup/rollup-freebsd-arm64/download/@rollup/rollup-freebsd-arm64-4.45.0.tgz",
      "integrity": "sha1-LMS9O6cCbNU3TpAihc526Prg9us=",
      "cpu": [
        "arm64"
      ],
      "license": "MIT",
      "optional": true,
      "os": [
        "freebsd"
      ]
    },
    "node_modules/@rollup/rollup-freebsd-x64": {
      "version": "4.45.0",
      "resolved": "http://r.npm.sankuai.com/@rollup/rollup-freebsd-x64/download/@rollup/rollup-freebsd-x64-4.45.0.tgz",
      "integrity": "sha1-ZGZLowFd6sRzpdbWxgwGjydL8tU=",
      "cpu": [
        "x64"
      ],
      "license": "MIT",
      "optional": true,
      "os": [
        "freebsd"
      ]
    },
    "node_modules/@rollup/rollup-linux-arm-gnueabihf": {
      "version": "4.45.0",
      "resolved": "http://r.npm.sankuai.com/@rollup/rollup-linux-arm-gnueabihf/download/@rollup/rollup-linux-arm-gnueabihf-4.45.0.tgz",
      "integrity": "sha1-erFqyuO8roY+mpvDIDjNBeeUoP8=",
      "cpu": [
        "arm"
      ],
      "license": "MIT",
      "optional": true,
      "os": [
        "linux"
      ]
    },
    "node_modules/@rollup/rollup-linux-arm-musleabihf": {
      "version": "4.45.0",
      "resolved": "http://r.npm.sankuai.com/@rollup/rollup-linux-arm-musleabihf/download/@rollup/rollup-linux-arm-musleabihf-4.45.0.tgz",
      "integrity": "sha1-vvkbHpJKtX6C52fcJlUmS73nrMY=",
      "cpu": [
        "arm"
      ],
      "license": "MIT",
      "optional": true,
      "os": [
        "linux"
      ]
    },
    "node_modules/@rollup/rollup-linux-arm64-gnu": {
      "version": "4.45.0",
      "resolved": "http://r.npm.sankuai.com/@rollup/rollup-linux-arm64-gnu/download/@rollup/rollup-linux-arm64-gnu-4.45.0.tgz",
      "integrity": "sha1-CoEbFtozQSX25EVw0LrfVDh29J4=",
      "cpu": [
        "arm64"
      ],
      "license": "MIT",
      "optional": true,
      "os": [
        "linux"
      ]
    },
    "node_modules/@rollup/rollup-linux-arm64-musl": {
      "version": "4.45.0",
      "resolved": "http://r.npm.sankuai.com/@rollup/rollup-linux-arm64-musl/download/@rollup/rollup-linux-arm64-musl-4.45.0.tgz",
      "integrity": "sha1-6MFm7+PLlj+qqSTHch6vut5jA28=",
      "cpu": [
        "arm64"
      ],
      "license": "MIT",
      "optional": true,
      "os": [
        "linux"
      ]
    },
    "node_modules/@rollup/rollup-linux-loongarch64-gnu": {
      "version": "4.45.0",
      "resolved": "http://r.npm.sankuai.com/@rollup/rollup-linux-loongarch64-gnu/download/@rollup/rollup-linux-loongarch64-gnu-4.45.0.tgz",
      "integrity": "sha1-I5/uoA+ioec0vf8JuNHJDe8qu/U=",
      "cpu": [
        "loong64"
      ],
      "license": "MIT",
      "optional": true,
      "os": [
        "linux"
      ]
    },
    "node_modules/@rollup/rollup-linux-powerpc64le-gnu": {
      "version": "4.45.0",
      "resolved": "http://r.npm.sankuai.com/@rollup/rollup-linux-powerpc64le-gnu/download/@rollup/rollup-linux-powerpc64le-gnu-4.45.0.tgz",
      "integrity": "sha1-HeL5Jr3b99aJoIknfBKE6m30ttE=",
      "cpu": [
        "ppc64"
      ],
      "license": "MIT",
      "optional": true,
      "os": [
        "linux"
      ]
    },
    "node_modules/@rollup/rollup-linux-riscv64-gnu": {
      "version": "4.45.0",
      "resolved": "http://r.npm.sankuai.com/@rollup/rollup-linux-riscv64-gnu/download/@rollup/rollup-linux-riscv64-gnu-4.45.0.tgz",
      "integrity": "sha1-KNusZDJE5HenuTH+ubR1qoJvhME=",
      "cpu": [
        "riscv64"
      ],
      "license": "MIT",
      "optional": true,
      "os": [
        "linux"
      ]
    },
    "node_modules/@rollup/rollup-linux-riscv64-musl": {
      "version": "4.45.0",
      "resolved": "http://r.npm.sankuai.com/@rollup/rollup-linux-riscv64-musl/download/@rollup/rollup-linux-riscv64-musl-4.45.0.tgz",
      "integrity": "sha1-XQXurtrew2Jc1Q48pdNe9vlqS/A=",
      "cpu": [
        "riscv64"
      ],
      "license": "MIT",
      "optional": true,
      "os": [
        "linux"
      ]
    },
    "node_modules/@rollup/rollup-linux-s390x-gnu": {
      "version": "4.45.0",
      "resolved": "http://r.npm.sankuai.com/@rollup/rollup-linux-s390x-gnu/download/@rollup/rollup-linux-s390x-gnu-4.45.0.tgz",
      "integrity": "sha1-VbB5D0mft63BTrB0xORq75KRWBM=",
      "cpu": [
        "s390x"
      ],
      "license": "MIT",
      "optional": true,
      "os": [
        "linux"
      ]
    },
    "node_modules/@rollup/rollup-linux-x64-gnu": {
      "version": "4.45.0",
      "resolved": "http://r.npm.sankuai.com/@rollup/rollup-linux-x64-gnu/download/@rollup/rollup-linux-x64-gnu-4.45.0.tgz",
      "integrity": "sha1-6CJjL+WzJLFr3DcUkUnIx2CwMf0=",
      "cpu": [
        "x64"
      ],
      "license": "MIT",
      "optional": true,
      "os": [
        "linux"
      ]
    },
    "node_modules/@rollup/rollup-linux-x64-musl": {
      "version": "4.45.0",
      "resolved": "http://r.npm.sankuai.com/@rollup/rollup-linux-x64-musl/download/@rollup/rollup-linux-x64-musl-4.45.0.tgz",
      "integrity": "sha1-GaNgLLj6vX6zCH8KHh4Brawxu/8=",
      "cpu": [
        "x64"
      ],
      "license": "MIT",
      "optional": true,
      "os": [
        "linux"
      ]
    },
    "node_modules/@rollup/rollup-win32-arm64-msvc": {
      "version": "4.45.0",
      "resolved": "http://r.npm.sankuai.com/@rollup/rollup-win32-arm64-msvc/download/@rollup/rollup-win32-arm64-msvc-4.45.0.tgz",
      "integrity": "sha1-QuCL8+pPxGP8nxmcTwMQpzbwPrE=",
      "cpu": [
        "arm64"
      ],
      "license": "MIT",
      "optional": true,
      "os": [
        "win32"
      ]
    },
    "node_modules/@rollup/rollup-win32-ia32-msvc": {
      "version": "4.45.0",
      "resolved": "http://r.npm.sankuai.com/@rollup/rollup-win32-ia32-msvc/download/@rollup/rollup-win32-ia32-msvc-4.45.0.tgz",
      "integrity": "sha1-BD0lVX9Z1+KN/jjuH2Ddy5WggSQ=",
      "cpu": [
        "ia32"
      ],
      "license": "MIT",
      "optional": true,
      "os": [
        "win32"
      ]
    },
    "node_modules/@rollup/rollup-win32-x64-msvc": {
      "version": "4.45.0",
      "resolved": "http://r.npm.sankuai.com/@rollup/rollup-win32-x64-msvc/download/@rollup/rollup-win32-x64-msvc-4.45.0.tgz",
      "integrity": "sha1-Cn7srkH0Y9ZZHI/s16XFCHNF7jY=",
      "cpu": [
        "x64"
      ],
      "license": "MIT",
      "optional": true,
      "os": [
        "win32"
      ]
    },
    "node_modules/@types/estree": {
      "version": "1.0.8",
      "resolved": "http://r.npm.sankuai.com/@types/estree/download/@types/estree-1.0.8.tgz",
      "integrity": "sha1-lYuRyZGxhnztMYvt6g4hXuBQcm4=",
      "license": "MIT"
    },
    "node_modules/esbuild": {
      "version": "0.25.6",
      "resolved": "http://r.npm.sankuai.com/esbuild/download/esbuild-0.25.6.tgz",
      "integrity": "sha1-m4Kj2y+hMa7AaasED9V+0KiAzc0=",
      "hasInstallScript": true,
      "license": "MIT",
      "bin": {
        "esbuild": "bin/esbuild"
      },
      "engines": {
        "node": ">=18"
      },
      "optionalDependencies": {
        "@esbuild/aix-ppc64": "0.25.6",
        "@esbuild/android-arm": "0.25.6",
        "@esbuild/android-arm64": "0.25.6",
        "@esbuild/android-x64": "0.25.6",
        "@esbuild/darwin-arm64": "0.25.6",
        "@esbuild/darwin-x64": "0.25.6",
        "@esbuild/freebsd-arm64": "0.25.6",
        "@esbuild/freebsd-x64": "0.25.6",
        "@esbuild/linux-arm": "0.25.6",
        "@esbuild/linux-arm64": "0.25.6",
        "@esbuild/linux-ia32": "0.25.6",
        "@esbuild/linux-loong64": "0.25.6",
        "@esbuild/linux-mips64el": "0.25.6",
        "@esbuild/linux-ppc64": "0.25.6",
        "@esbuild/linux-riscv64": "0.25.6",
        "@esbuild/linux-s390x": "0.25.6",
        "@esbuild/linux-x64": "0.25.6",
        "@esbuild/netbsd-arm64": "0.25.6",
        "@esbuild/netbsd-x64": "0.25.6",
        "@esbuild/openbsd-arm64": "0.25.6",
        "@esbuild/openbsd-x64": "0.25.6",
        "@esbuild/openharmony-arm64": "0.25.6",
        "@esbuild/sunos-x64": "0.25.6",
        "@esbuild/win32-arm64": "0.25.6",
        "@esbuild/win32-ia32": "0.25.6",
        "@esbuild/win32-x64": "0.25.6"
      }
    },
    "node_modules/fdir": {
      "version": "6.4.6",
      "resolved": "http://r.npm.sankuai.com/fdir/download/fdir-6.4.6.tgz",
      "integrity": "sha1-KyaMAjJpcGMRG78/ZIEKKnQbooE=",
      "license": "MIT",
      "peerDependencies": {
        "picomatch": "^3 || ^4"
      },
      "peerDependenciesMeta": {
        "picomatch": {
          "optional": true
        }
      }
    },
    "node_modules/fsevents": {
      "version": "2.3.3",
      "resolved": "http://r.npm.sankuai.com/fsevents/download/fsevents-2.3.3.tgz",
      "integrity": "sha1-ysZAd4XQNnWipeGlMFxpezR9kNY=",
      "hasInstallScript": true,
      "license": "MIT",
      "optional": true,
      "os": [
        "darwin"
      ],
      "engines": {
        "node": "^8.16.0 || ^10.6.0 || >=11.0.0"
      }
    },
    "node_modules/nanoid": {
      "version": "3.3.11",
      "resolved": "http://r.npm.sankuai.com/nanoid/download/nanoid-3.3.11.tgz",
      "integrity": "sha1-T08RLO++MDIC8hmYOBKJNiZtGFs=",
      "funding": [
        {
          "type": "github",
          "url": "https://github.com/sponsors/ai"
        }
      ],
      "license": "MIT",
      "bin": {
        "nanoid": "bin/nanoid.cjs"
      },
      "engines": {
        "node": "^10 || ^12 || ^13.7 || ^14 || >=15.0.1"
      }
    },
    "node_modules/picocolors": {
      "version": "1.1.1",
      "resolved": "http://r.npm.sankuai.com/picocolors/download/picocolors-1.1.1.tgz",
      "integrity": "sha1-PTIa8+q5ObCDyPkpodEs2oHCa2s=",
      "license": "ISC"
    },
    "node_modules/picomatch": {
      "version": "4.0.2",
      "resolved": "http://r.npm.sankuai.com/picomatch/download/picomatch-4.0.2.tgz",
      "integrity": "sha1-d8dCkx6PO4gglGx2zQwfE3MNHas=",
      "license": "MIT",
      "engines": {
        "node": ">=12"
      },
      "funding": {
        "url": "https://github.com/sponsors/jonschlinkert"
      }
    },
    "node_modules/postcss": {
      "version": "8.5.6",
      "resolved": "http://r.npm.sankuai.com/postcss/download/postcss-8.5.6.tgz",
      "integrity": "sha1-KCUAZhWmGbT2Kp50JswSCzSajzw=",
      "funding": [
        {
          "type": "opencollective",
          "url": "https://opencollective.com/postcss/"
        },
        {
          "type": "tidelift",
          "url": "https://tidelift.com/funding/github/npm/postcss"
        },
        {
          "type": "github",
          "url": "https://github.com/sponsors/ai"
        }
      ],
      "license": "MIT",
      "dependencies": {
        "nanoid": "^3.3.11",
        "picocolors": "^1.1.1",
        "source-map-js": "^1.2.1"
      },
      "engines": {
        "node": "^10 || ^12 || >=14"
      }
    },
    "node_modules/rollup": {
      "version": "4.45.0",
      "resolved": "http://r.npm.sankuai.com/rollup/download/rollup-4.45.0.tgz",
      "integrity": "sha1-ktGxZOyhxvLLOZrnoajueJZ7bjM=",
      "license": "MIT",
      "dependencies": {
        "@types/estree": "1.0.8"
      },
      "bin": {
        "rollup": "dist/bin/rollup"
      },
      "engines": {
        "node": ">=18.0.0",
        "npm": ">=8.0.0"
      },
      "optionalDependencies": {
        "@rollup/rollup-android-arm-eabi": "4.45.0",
        "@rollup/rollup-android-arm64": "4.45.0",
        "@rollup/rollup-darwin-arm64": "4.45.0",
        "@rollup/rollup-darwin-x64": "4.45.0",
        "@rollup/rollup-freebsd-arm64": "4.45.0",
        "@rollup/rollup-freebsd-x64": "4.45.0",
        "@rollup/rollup-linux-arm-gnueabihf": "4.45.0",
        "@rollup/rollup-linux-arm-musleabihf": "4.45.0",
        "@rollup/rollup-linux-arm64-gnu": "4.45.0",
        "@rollup/rollup-linux-arm64-musl": "4.45.0",
        "@rollup/rollup-linux-loongarch64-gnu": "4.45.0",
        "@rollup/rollup-linux-powerpc64le-gnu": "4.45.0",
        "@rollup/rollup-linux-riscv64-gnu": "4.45.0",
        "@rollup/rollup-linux-riscv64-musl": "4.45.0",
        "@rollup/rollup-linux-s390x-gnu": "4.45.0",
        "@rollup/rollup-linux-x64-gnu": "4.45.0",
        "@rollup/rollup-linux-x64-musl": "4.45.0",
        "@rollup/rollup-win32-arm64-msvc": "4.45.0",
        "@rollup/rollup-win32-ia32-msvc": "4.45.0",
        "@rollup/rollup-win32-x64-msvc": "4.45.0",
        "fsevents": "~2.3.2"
      }
    },
    "node_modules/source-map-js": {
      "version": "1.2.1",
      "resolved": "http://r.npm.sankuai.com/source-map-js/download/source-map-js-1.2.1.tgz",
      "integrity": "sha1-HOVlD93YerwJnto33P8CTCZnrkY=",
      "license": "BSD-3-Clause",
      "engines": {
        "node": ">=0.10.0"
      }
    },
    "node_modules/tinyglobby": {
      "version": "0.2.14",
      "resolved": "http://r.npm.sankuai.com/tinyglobby/download/tinyglobby-0.2.14.tgz",
      "integrity": "sha1-UoCwzz+XKwUOdK6IQGwKalj0B50=",
      "license": "MIT",
      "dependencies": {
        "fdir": "^6.4.4",
        "picomatch": "^4.0.2"
      },
      "engines": {
        "node": ">=12.0.0"
      },
      "funding": {
        "url": "https://github.com/sponsors/SuperchupuDev"
      }
    },
    "node_modules/vite": {
      "version": "7.0.4",
      "resolved": "http://r.npm.sankuai.com/vite/download/vite-7.0.4.tgz",
      "integrity": "sha1-SBIEQWJ3z6fJM4TFWYRHXEJ2sY8=",
      "license": "MIT",
      "dependencies": {
        "esbuild": "^0.25.0",
        "fdir": "^6.4.6",
        "picomatch": "^4.0.2",
        "postcss": "^8.5.6",
        "rollup": "^4.40.0",
        "tinyglobby": "^0.2.14"
      },
      "bin": {
        "vite": "bin/vite.js"
      },
      "engines": {
        "node": "^20.19.0 || >=22.12.0"
      },
      "funding": {
        "url": "https://github.com/vitejs/vite?sponsor=1"
      },
      "optionalDependencies": {
        "fsevents": "~2.3.3"
      },
      "peerDependencies": {
        "@types/node": "^20.19.0 || >=22.12.0",
        "jiti": ">=1.21.0",
        "less": "^4.0.0",
        "lightningcss": "^1.21.0",
        "sass": "^1.70.0",
        "sass-embedded": "^1.70.0",
        "stylus": ">=0.54.8",
        "sugarss": "^5.0.0",
        "terser": "^5.16.0",
        "tsx": "^4.8.1",
        "yaml": "^2.4.2"
      },
      "peerDependenciesMeta": {
        "@types/node": {
          "optional": true
        },
        "jiti": {
          "optional": true
        },
        "less": {
          "optional": true
        },
        "lightningcss": {
          "optional": true
        },
        "sass": {
          "optional": true
        },
        "sass-embedded": {
          "optional": true
        },
        "stylus": {
          "optional": true
        },
        "sugarss": {
          "optional": true
        },
        "terser": {
          "optional": true
        },
        "tsx": {
          "optional": true
        },
        "yaml": {
          "optional": true
        }
      }
    }
  }
}
